
Microsoft Visual Studio Solution File, Format Version 12.00
# Visual Studio Version 17
VisualStudioVersion = 17.8.34330.188
MinimumVisualStudioVersion = 10.0.40219.1
Project("{FAE04EC0-301F-11D3-BF4B-00C04F79EFBC}") = "Module4", "Module4\Module4.csproj", "{2FB54B2C-598F-4126-A3A6-9A27EDB1286B}"
EndProject
Project("{FAE04EC0-301F-11D3-BF4B-00C04F79EFBC}") = "Module5", "Module5\Module5.csproj", "{8EA158E1-7EDF-4A8C-ADFC-2180AB3F4306}"
EndProject
Project("{9A19103F-16F7-4668-BE54-9A1E7A4F7556}") = "Module7", "Module7\Module7.csproj", "{3016B7AC-E169-460A-BEAB-7BAE66169A52}"
EndProject
Project("{9A19103F-16F7-4668-BE54-9A1E7A4F7556}") = "Module6", "Module6\Module6.csproj", "{454AAE50-34E4-4C7E-AA27-C38006D5A4FF}"
EndProject
Project("{9A19103F-16F7-4668-BE54-9A1E7A4F7556}") = "Module8", "Module8\Module8.csproj", "{E6C2EA32-6B37-4A45-9F2D-E35A238873FC}"
EndProject
Project("{9A19103F-16F7-4668-BE54-9A1E7A4F7556}") = "Module10", "Module10\Module10.csproj", "{33F33DCE-6AAB-4E9C-83EC-8F9A95530F9E}"
EndProject
Project("{FAE04EC0-301F-11D3-BF4B-00C04F79EFBC}") = "Module9", "Module9\Module9.csproj", "{21FF3520-DECA-491E-918D-47ADAFB4FD0C}"
EndProject
Global
	GlobalSection(SolutionConfigurationPlatforms) = preSolution
		Debug|Any CPU = Debug|Any CPU
		Release|Any CPU = Release|Any CPU
	EndGlobalSection
	GlobalSection(ProjectConfigurationPlatforms) = postSolution
		{2FB54B2C-598F-4126-A3A6-9A27EDB1286B}.Debug|Any CPU.ActiveCfg = Debug|Any CPU
		{2FB54B2C-598F-4126-A3A6-9A27EDB1286B}.Debug|Any CPU.Build.0 = Debug|Any CPU
		{2FB54B2C-598F-4126-A3A6-9A27EDB1286B}.Release|Any CPU.ActiveCfg = Release|Any CPU
		{2FB54B2C-598F-4126-A3A6-9A27EDB1286B}.Release|Any CPU.Build.0 = Release|Any CPU
		{8EA158E1-7EDF-4A8C-ADFC-2180AB3F4306}.Debug|Any CPU.ActiveCfg = Debug|Any CPU
		{8EA158E1-7EDF-4A8C-ADFC-2180AB3F4306}.Debug|Any CPU.Build.0 = Debug|Any CPU
		{8EA158E1-7EDF-4A8C-ADFC-2180AB3F4306}.Release|Any CPU.ActiveCfg = Release|Any CPU
		{8EA158E1-7EDF-4A8C-ADFC-2180AB3F4306}.Release|Any CPU.Build.0 = Release|Any CPU
		{3016B7AC-E169-460A-BEAB-7BAE66169A52}.Debug|Any CPU.ActiveCfg = Debug|Any CPU
		{3016B7AC-E169-460A-BEAB-7BAE66169A52}.Debug|Any CPU.Build.0 = Debug|Any CPU
		{3016B7AC-E169-460A-BEAB-7BAE66169A52}.Release|Any CPU.ActiveCfg = Release|Any CPU
		{3016B7AC-E169-460A-BEAB-7BAE66169A52}.Release|Any CPU.Build.0 = Release|Any CPU
		{454AAE50-34E4-4C7E-AA27-C38006D5A4FF}.Debug|Any CPU.ActiveCfg = Debug|Any CPU
		{454AAE50-34E4-4C7E-AA27-C38006D5A4FF}.Debug|Any CPU.Build.0 = Debug|Any CPU
		{454AAE50-34E4-4C7E-AA27-C38006D5A4FF}.Release|Any CPU.ActiveCfg = Release|Any CPU
		{454AAE50-34E4-4C7E-AA27-C38006D5A4FF}.Release|Any CPU.Build.0 = Release|Any CPU
		{E6C2EA32-6B37-4A45-9F2D-E35A238873FC}.Debug|Any CPU.ActiveCfg = Debug|Any CPU
		{E6C2EA32-6B37-4A45-9F2D-E35A238873FC}.Debug|Any CPU.Build.0 = Debug|Any CPU
		{E6C2EA32-6B37-4A45-9F2D-E35A238873FC}.Release|Any CPU.ActiveCfg = Release|Any CPU
		{E6C2EA32-6B37-4A45-9F2D-E35A238873FC}.Release|Any CPU.Build.0 = Release|Any CPU
		{33F33DCE-6AAB-4E9C-83EC-8F9A95530F9E}.Debug|Any CPU.ActiveCfg = Debug|Any CPU
		{33F33DCE-6AAB-4E9C-83EC-8F9A95530F9E}.Debug|Any CPU.Build.0 = Debug|Any CPU
		{33F33DCE-6AAB-4E9C-83EC-8F9A95530F9E}.Release|Any CPU.ActiveCfg = Release|Any CPU
		{33F33DCE-6AAB-4E9C-83EC-8F9A95530F9E}.Release|Any CPU.Build.0 = Release|Any CPU
		{21FF3520-DECA-491E-918D-47ADAFB4FD0C}.Debug|Any CPU.ActiveCfg = Debug|Any CPU
		{21FF3520-DECA-491E-918D-47ADAFB4FD0C}.Debug|Any CPU.Build.0 = Debug|Any CPU
		{21FF3520-DECA-491E-918D-47ADAFB4FD0C}.Release|Any CPU.ActiveCfg = Release|Any CPU
		{21FF3520-DECA-491E-918D-47ADAFB4FD0C}.Release|Any CPU.Build.0 = Release|Any CPU
	EndGlobalSection
	GlobalSection(SolutionProperties) = preSolution
		HideSolutionNode = FALSE
	EndGlobalSection
	GlobalSection(ExtensibilityGlobals) = postSolution
		SolutionGuid = {AD0E30BC-15B1-4EA8-A202-73E7395BAFF4}
	EndGlobalSection
EndGlobal
